
Microsoft Visual Studio Solution File, Format Version 12.00
# Visual Studio Version 17
VisualStudioVersion = 17.9.34902.65
MinimumVisualStudioVersion = 10.0.40219.1
Project("{FAE04EC0-301F-11D3-BF4B-00C04F79EFBC}") = "Notes", "Notes\Notes.csproj", "{DFE08339-17B8-4177-8F3D-DBD75CA77061}"
EndProject
Global
	GlobalSection(SolutionConfigurationPlatforms) = preSolution
		Debug|Any CPU = Debug|Any CPU
		Release|Any CPU = Release|Any CPU
	EndGlobalSection
	GlobalSection(ProjectConfigurationPlatforms) = postSolution
		{DFE08339-17B8-4177-8F3D-DBD75CA77061}.Debug|Any CPU.ActiveCfg = Debug|Any CPU
		{DFE08339-17B8-4177-8F3D-DBD75CA77061}.Debug|Any CPU.Build.0 = Debug|Any CPU
		{DFE08339-17B8-4177-8F3D-DBD75CA77061}.Debug|Any CPU.Deploy.0 = Debug|Any CPU
		{DFE08339-17B8-4177-8F3D-DBD75CA77061}.Release|Any CPU.ActiveCfg = Release|Any CPU
		{DFE08339-17B8-4177-8F3D-DBD75CA77061}.Release|Any CPU.Build.0 = Release|Any CPU
		{DFE08339-17B8-4177-8F3D-DBD75CA77061}.Release|Any CPU.Deploy.0 = Release|Any CPU
	EndGlobalSection
	GlobalSection(SolutionProperties) = preSolution
		HideSolutionNode = FALSE
	EndGlobalSection
	GlobalSection(ExtensibilityGlobals) = postSolution
		SolutionGuid = {ECC53312-C710-4258-A2F8-AACE393DE494}
	EndGlobalSection
EndGlobal
